
Microsoft Visual Studio Solution File, Format Version 12.00
Project("{FAE04EC0-301F-11D3-BF4B-00C04F79EFBC}") = "Poll.N.Quiz.AppHost", "src\Poll.N.Quiz.AppHost\Poll.N.Quiz.AppHost.csproj", "{BF9B8B9D-C3EA-4217-AC9C-0F37C377F710}"
EndProject
Project("{2150E333-8FDC-42A3-9474-1A3956D46DE8}") = "src", "src", "{803FA018-D769-4C57-88B8-FCEA2F47F630}"
EndProject
Project("{2150E333-8FDC-42A3-9474-1A3956D46DE8}") = "test", "test", "{A99484B2-23C1-41EB-A170-B96521801EF8}"
	ProjectSection(SolutionItems) = preProject
		test\Directory.Build.props = test\Directory.Build.props
	EndProjectSection
EndProject
Project("{2150E333-8FDC-42A3-9474-1A3956D46DE8}") = "Settings", "Settings", "{5D44F929-1F68-419B-80D9-80BE90A24847}"
EndProject
Project("{FAE04EC0-301F-11D3-BF4B-00C04F79EFBC}") = "Poll.N.Quiz.Settings.API", "src\Settings\Poll.N.Quiz.Settings.API\Poll.N.Quiz.Settings.API.csproj", "{70CB258A-F18E-4C90-BE24-41452EF478C4}"
EndProject
Project("{FAE04EC0-301F-11D3-BF4B-00C04F79EFBC}") = "Poll.N.Quiz.Settings.API.Commands", "src\Settings\Poll.N.Quiz.Settings.API.Commands\Poll.N.Quiz.Settings.API.Commands.csproj", "{D3F887AB-8A7D-4454-9921-D102152BFDD5}"
EndProject
Project("{FAE04EC0-301F-11D3-BF4B-00C04F79EFBC}") = "Poll.N.Quiz.Settings.API.Queries", "src\Settings\Poll.N.Quiz.Settings.API.Queries\Poll.N.Quiz.Settings.API.Queries.csproj", "{F8637F50-9EF4-4A72-BA6E-E6F6E7936726}"
EndProject
Project("{FAE04EC0-301F-11D3-BF4B-00C04F79EFBC}") = "Poll.N.Quiz.Settings.API.Synchronizer", "src\Settings\Poll.N.Quiz.Settings.API.Synchronizer\Poll.N.Quiz.Settings.API.Synchronizer.csproj", "{7A3FD775-297E-4B8F-B0D5-1C9C55E40B83}"
EndProject
Project("{2150E333-8FDC-42A3-9474-1A3956D46DE8}") = "Settings", "Settings", "{3635E281-7D2E-4D9A-9441-BA8B0EB848E5}"
EndProject
Project("{FAE04EC0-301F-11D3-BF4B-00C04F79EFBC}") = "Poll.N.Quiz.Settings.Commands.UnitTests", "test\Settings\Poll.N.Quiz.Settings.Commands.UnitTests\Poll.N.Quiz.Settings.Commands.UnitTests.csproj", "{12EA6BF9-BB17-41C9-9588-79AEA991CF29}"
EndProject
Project("{FAE04EC0-301F-11D3-BF4B-00C04F79EFBC}") = "Poll.N.Quiz.Settings.Synchronizer.UnitTests", "test\Settings\Poll.N.Quiz.Settings.Synchronizer.UnitTests\Poll.N.Quiz.Settings.Synchronizer.UnitTests.csproj", "{743C8519-F014-4A5A-8DA5-72DB22D6F35D}"
EndProject
Project("{FAE04EC0-301F-11D3-BF4B-00C04F79EFBC}") = "Poll.N.Quiz.Settings.ArchitectureTests", "test\Settings\Poll.N.Quiz.Settings.ArchitectureTests\Poll.N.Quiz.Settings.ArchitectureTests.csproj", "{70B1B1D5-06D0-4977-AF69-C53FBD68A807}"
EndProject
Project("{FAE04EC0-301F-11D3-BF4B-00C04F79EFBC}") = "Poll.N.Quiz.Settings.Web", "src\Settings\Poll.N.Quiz.Settings.Web\Poll.N.Quiz.Settings.Web.csproj", "{5593EE9A-8B7D-4988-8605-9C728FB1AE02}"
EndProject
Project("{FAE04EC0-301F-11D3-BF4B-00C04F79EFBC}") = "Poll.N.Quiz.API", "src\Poll.N.Quiz.API\Poll.N.Quiz.API.csproj", "{6F154331-3366-412D-AD76-08A859DF2AD7}"
EndProject
Global
	GlobalSection(SolutionConfigurationPlatforms) = preSolution
		Debug|Any CPU = Debug|Any CPU
		Release|Any CPU = Release|Any CPU
	EndGlobalSection
	GlobalSection(ProjectConfigurationPlatforms) = postSolution
		{BF9B8B9D-C3EA-4217-AC9C-0F37C377F710}.Debug|Any CPU.ActiveCfg = Debug|Any CPU
		{BF9B8B9D-C3EA-4217-AC9C-0F37C377F710}.Debug|Any CPU.Build.0 = Debug|Any CPU
		{BF9B8B9D-C3EA-4217-AC9C-0F37C377F710}.Release|Any CPU.ActiveCfg = Release|Any CPU
		{BF9B8B9D-C3EA-4217-AC9C-0F37C377F710}.Release|Any CPU.Build.0 = Release|Any CPU
		{70CB258A-F18E-4C90-BE24-41452EF478C4}.Debug|Any CPU.ActiveCfg = Debug|Any CPU
		{70CB258A-F18E-4C90-BE24-41452EF478C4}.Debug|Any CPU.Build.0 = Debug|Any CPU
		{70CB258A-F18E-4C90-BE24-41452EF478C4}.Release|Any CPU.ActiveCfg = Release|Any CPU
		{70CB258A-F18E-4C90-BE24-41452EF478C4}.Release|Any CPU.Build.0 = Release|Any CPU
		{D3F887AB-8A7D-4454-9921-D102152BFDD5}.Debug|Any CPU.ActiveCfg = Debug|Any CPU
		{D3F887AB-8A7D-4454-9921-D102152BFDD5}.Debug|Any CPU.Build.0 = Debug|Any CPU
		{D3F887AB-8A7D-4454-9921-D102152BFDD5}.Release|Any CPU.ActiveCfg = Release|Any CPU
		{D3F887AB-8A7D-4454-9921-D102152BFDD5}.Release|Any CPU.Build.0 = Release|Any CPU
		{F8637F50-9EF4-4A72-BA6E-E6F6E7936726}.Debug|Any CPU.ActiveCfg = Debug|Any CPU
		{F8637F50-9EF4-4A72-BA6E-E6F6E7936726}.Debug|Any CPU.Build.0 = Debug|Any CPU
		{F8637F50-9EF4-4A72-BA6E-E6F6E7936726}.Release|Any CPU.ActiveCfg = Release|Any CPU
		{F8637F50-9EF4-4A72-BA6E-E6F6E7936726}.Release|Any CPU.Build.0 = Release|Any CPU
		{7A3FD775-297E-4B8F-B0D5-1C9C55E40B83}.Debug|Any CPU.ActiveCfg = Debug|Any CPU
		{7A3FD775-297E-4B8F-B0D5-1C9C55E40B83}.Debug|Any CPU.Build.0 = Debug|Any CPU
		{7A3FD775-297E-4B8F-B0D5-1C9C55E40B83}.Release|Any CPU.ActiveCfg = Release|Any CPU
		{7A3FD775-297E-4B8F-B0D5-1C9C55E40B83}.Release|Any CPU.Build.0 = Release|Any CPU
		{12EA6BF9-BB17-41C9-9588-79AEA991CF29}.Debug|Any CPU.ActiveCfg = Debug|Any CPU
		{12EA6BF9-BB17-41C9-9588-79AEA991CF29}.Debug|Any CPU.Build.0 = Debug|Any CPU
		{12EA6BF9-BB17-41C9-9588-79AEA991CF29}.Release|Any CPU.ActiveCfg = Release|Any CPU
		{12EA6BF9-BB17-41C9-9588-79AEA991CF29}.Release|Any CPU.Build.0 = Release|Any CPU
		{743C8519-F014-4A5A-8DA5-72DB22D6F35D}.Debug|Any CPU.ActiveCfg = Debug|Any CPU
		{743C8519-F014-4A5A-8DA5-72DB22D6F35D}.Debug|Any CPU.Build.0 = Debug|Any CPU
		{743C8519-F014-4A5A-8DA5-72DB22D6F35D}.Release|Any CPU.ActiveCfg = Release|Any CPU
		{743C8519-F014-4A5A-8DA5-72DB22D6F35D}.Release|Any CPU.Build.0 = Release|Any CPU
		{70B1B1D5-06D0-4977-AF69-C53FBD68A807}.Debug|Any CPU.ActiveCfg = Debug|Any CPU
		{70B1B1D5-06D0-4977-AF69-C53FBD68A807}.Debug|Any CPU.Build.0 = Debug|Any CPU
		{70B1B1D5-06D0-4977-AF69-C53FBD68A807}.Release|Any CPU.ActiveCfg = Release|Any CPU
		{70B1B1D5-06D0-4977-AF69-C53FBD68A807}.Release|Any CPU.Build.0 = Release|Any CPU
		{5593EE9A-8B7D-4988-8605-9C728FB1AE02}.Debug|Any CPU.ActiveCfg = Debug|Any CPU
		{5593EE9A-8B7D-4988-8605-9C728FB1AE02}.Debug|Any CPU.Build.0 = Debug|Any CPU
		{5593EE9A-8B7D-4988-8605-9C728FB1AE02}.Release|Any CPU.ActiveCfg = Release|Any CPU
		{5593EE9A-8B7D-4988-8605-9C728FB1AE02}.Release|Any CPU.Build.0 = Release|Any CPU
		{6F154331-3366-412D-AD76-08A859DF2AD7}.Debug|Any CPU.ActiveCfg = Debug|Any CPU
		{6F154331-3366-412D-AD76-08A859DF2AD7}.Debug|Any CPU.Build.0 = Debug|Any CPU
		{6F154331-3366-412D-AD76-08A859DF2AD7}.Release|Any CPU.ActiveCfg = Release|Any CPU
		{6F154331-3366-412D-AD76-08A859DF2AD7}.Release|Any CPU.Build.0 = Release|Any CPU
	EndGlobalSection
	GlobalSection(NestedProjects) = preSolution
		{BF9B8B9D-C3EA-4217-AC9C-0F37C377F710} = {803FA018-D769-4C57-88B8-FCEA2F47F630}
		{5D44F929-1F68-419B-80D9-80BE90A24847} = {803FA018-D769-4C57-88B8-FCEA2F47F630}
		{70CB258A-F18E-4C90-BE24-41452EF478C4} = {5D44F929-1F68-419B-80D9-80BE90A24847}
		{D3F887AB-8A7D-4454-9921-D102152BFDD5} = {5D44F929-1F68-419B-80D9-80BE90A24847}
		{F8637F50-9EF4-4A72-BA6E-E6F6E7936726} = {5D44F929-1F68-419B-80D9-80BE90A24847}
		{7A3FD775-297E-4B8F-B0D5-1C9C55E40B83} = {5D44F929-1F68-419B-80D9-80BE90A24847}
		{3635E281-7D2E-4D9A-9441-BA8B0EB848E5} = {A99484B2-23C1-41EB-A170-B96521801EF8}
		{12EA6BF9-BB17-41C9-9588-79AEA991CF29} = {3635E281-7D2E-4D9A-9441-BA8B0EB848E5}
		{743C8519-F014-4A5A-8DA5-72DB22D6F35D} = {3635E281-7D2E-4D9A-9441-BA8B0EB848E5}
		{70B1B1D5-06D0-4977-AF69-C53FBD68A807} = {3635E281-7D2E-4D9A-9441-BA8B0EB848E5}
		{5593EE9A-8B7D-4988-8605-9C728FB1AE02} = {5D44F929-1F68-419B-80D9-80BE90A24847}
		{6F154331-3366-412D-AD76-08A859DF2AD7} = {803FA018-D769-4C57-88B8-FCEA2F47F630}
	EndGlobalSection
EndGlobal
